
Microsoft Visual Studio Solution File, Format Version 12.00
# Visual Studio 15
VisualStudioVersion = 15.0.27703.2042
MinimumVisualStudioVersion = 10.0.40219.1
Project("{2150E333-8FDC-42A3-9474-1A3956D46DE8}") = "Common", "Common", "{8514C30B-099C-4D15-885C-E89F90F46E1F}"
EndProject
Project("{2150E333-8FDC-42A3-9474-1A3956D46DE8}") = "Cache", "Cache", "{292ECCB8-C406-4648-A1B7-00A1AF42CF23}"
EndProject
Project("{FAE04EC0-301F-11D3-BF4B-00C04F79EFBC}") = "sys.Cache", "Cache\sys.Cache\sys.Cache.csproj", "{88A8E21F-61AF-45EF-996D-0A20F1642652}"
EndProject
Project("{FAE04EC0-301F-11D3-BF4B-00C04F79EFBC}") = "sys.Cache.Factory", "Cache\sys.Cache.Factory\sys.Cache.Factory.csproj", "{933E64F9-CCA2-4AD5-A7B8-BB55C0C573D6}"
EndProject
Project("{FAE04EC0-301F-11D3-BF4B-00C04F79EFBC}") = "sys.Cache.Redis", "Cache\sys.Cache.Redis\sys.Cache.Redis.csproj", "{12641608-CD9D-4CF2-BE90-2FEADD1B9333}"
EndProject
Project("{2150E333-8FDC-42A3-9474-1A3956D46DE8}") = "Util", "Util", "{836368A7-1D59-4726-87E0-911342B27EE0}"
EndProject
Project("{2150E333-8FDC-42A3-9474-1A3956D46DE8}") = "Builder", "Builder", "{4B0AA194-5A65-4F19-820D-705C9979090D}"
EndProject
Project("{FAE04EC0-301F-11D3-BF4B-00C04F79EFBC}") = "sys.Util", "Util\sys.Util\sys.Util.csproj", "{F35195FB-0615-4FFB-B48C-148C8F6FF394}"
EndProject
Project("{FAE04EC0-301F-11D3-BF4B-00C04F79EFBC}") = "sys.Util.Extension", "Util\sys.Util.Extension\sys.Util.Extension.csproj", "{23934C70-23C4-42BF-9CA9-1DEA3BFFC3B6}"
EndProject
Project("{FAE04EC0-301F-11D3-BF4B-00C04F79EFBC}") = "sys.Util.FlowWork", "Util\sys.Util.FlowWork\sys.Util.FlowWork.csproj", "{E5409C7A-CE48-4A63-8068-90C479A98657}"
EndProject
Project("{FAE04EC0-301F-11D3-BF4B-00C04F79EFBC}") = "sys.Util.Ioc", "Util\sys.Util.Ioc\sys.Util.Ioc.csproj", "{3EE6629F-1D05-4472-A810-A9DFCDBFD0F5}"
EndProject
Project("{FAE04EC0-301F-11D3-BF4B-00C04F79EFBC}") = "sys.CodeGenerator", "Builder\sys.CodeGenerator\sys.CodeGenerator.csproj", "{E3A055F6-0708-4A1B-87A4-597070D7725C}"
EndProject
Project("{2150E333-8FDC-42A3-9474-1A3956D46DE8}") = "Bll", "Bll", "{66CB8E20-C777-4055-8F67-9A74AF189238}"
EndProject
Project("{2150E333-8FDC-42A3-9474-1A3956D46DE8}") = "Dal", "Dal", "{AAA56B42-BA06-420A-B8EB-34814A6D0475}"
EndProject
Project("{FAE04EC0-301F-11D3-BF4B-00C04F79EFBC}") = "sys.Bll", "Bll\sys.Bll\sys.Bll.csproj", "{B0CB1979-75C1-41B2-BAD1-A342B997B02D}"
EndProject
Project("{FAE04EC0-301F-11D3-BF4B-00C04F79EFBC}") = "sys.Bll.Dapper", "Bll\sys.Bll.Dapper\sys.Bll.Dapper.csproj", "{006FAC2D-A3D6-41C8-B156-E4852F25D8ED}"
EndProject
Project("{FAE04EC0-301F-11D3-BF4B-00C04F79EFBC}") = "sys.Bll.EF", "Bll\sys.Bll.EF\sys.Bll.EF.csproj", "{28B1F04E-7D2E-4FFA-ABAB-4AE63D8DBE0E}"
EndProject
Project("{FAE04EC0-301F-11D3-BF4B-00C04F79EFBC}") = "sys.Bll.Repository", "Bll\sys.Bll.Repository\sys.Bll.Repository.csproj", "{C38C5684-2130-473C-BC15-8C490EE945A5}"
EndProject
Project("{FAE04EC0-301F-11D3-BF4B-00C04F79EFBC}") = "sys.Util.Log", "Util\sys.Util.Log\sys.Util.Log.csproj", "{B89DF599-C050-4FE9-8257-8E19AD43C13C}"
EndProject
Project("{FAE04EC0-301F-11D3-BF4B-00C04F79EFBC}") = "sys.Util.Officce", "Util\sys.Util.Officce\sys.Util.Officce.csproj", "{1AFCD932-D071-44F1-9863-45A8A098AA64}"
EndProject
Project("{FAE04EC0-301F-11D3-BF4B-00C04F79EFBC}") = "sys.Util.SignalR", "Util\sys.Util.SignalR\sys.Util.SignalR.csproj", "{1C184C75-233A-4178-9225-48EE0EE2AD7F}"
EndProject
Project("{FAE04EC0-301F-11D3-BF4B-00C04F79EFBC}") = "sys.Util.WebControl", "Util\sys.Util.WebControl\sys.Util.WebControl.csproj", "{9522B26D-AAE2-4665-A8D9-A7AC67280D3C}"
EndProject
Project("{2150E333-8FDC-42A3-9474-1A3956D46DE8}") = "Models", "Models", "{EF3F81A9-D317-4EA5-A7FA-5301B023290F}"
EndProject
Project("{2150E333-8FDC-42A3-9474-1A3956D46DE8}") = "Cache", "Cache", "{65B38A0A-C264-4B28-9517-690E0D87E73A}"
EndProject
Project("{FAE04EC0-301F-11D3-BF4B-00C04F79EFBC}") = "sys.Dal.Busines", "Dal\sys.Dal.Busines\sys.Dal.Busines.csproj", "{389B3F24-AB05-483E-B98E-8785306C8631}"
EndProject
Project("{FAE04EC0-301F-11D3-BF4B-00C04F79EFBC}") = "sys.Dal.Cache", "Dal\sys.Dal.Cache\sys.Dal.Cache.csproj", "{6587C84C-AFD6-4649-B85B-46722AA28B67}"
EndProject
Project("{FAE04EC0-301F-11D3-BF4B-00C04F79EFBC}") = "sys.Dal.Entity", "Dal\sys.Dal.Entity\sys.Dal.Entity.csproj", "{EAF3C7CB-D115-439B-8513-CB298E8E55C9}"
EndProject
Project("{FAE04EC0-301F-11D3-BF4B-00C04F79EFBC}") = "sys.Dal.Mapping", "Dal\sys.Dal.Mapping\sys.Dal.Mapping.csproj", "{C3C549E0-D5CF-4482-B883-1042C0643A29}"
EndProject
Project("{FAE04EC0-301F-11D3-BF4B-00C04F79EFBC}") = "sys.Dal.Service", "Dal\sys.Dal.Service\sys.Dal.Service.csproj", "{7400EFB0-A117-49CF-A1DF-E9543ED78EE9}"
EndProject
Project("{FAE04EC0-301F-11D3-BF4B-00C04F79EFBC}") = "sys.Dal.IService", "Dal\sys.Dal.IService\sys.Dal.IService.csproj", "{9B68B728-B7DE-4A60-9783-878A6B611CB0}"
EndProject
Project("{2150E333-8FDC-42A3-9474-1A3956D46DE8}") = "Aplication", "Aplication", "{E69B111B-BBA9-41AC-8069-BB3BD7C29DFF}"
EndProject
Project("{2150E333-8FDC-42A3-9474-1A3956D46DE8}") = "SOA", "SOA", "{F2EB2E35-47FF-4884-8CB3-7507CD19760E}"
EndProject
Project("{2150E333-8FDC-42A3-9474-1A3956D46DE8}") = "WebAPP", "WebAPP", "{DEB053F3-B8F1-4A89-A3F3-AD6F403EFDA0}"
EndProject
Project("{FAE04EC0-301F-11D3-BF4B-00C04F79EFBC}") = "sys.Aplication.Code", "Aplication\sys.Aplication.Code\sys.Aplication.Code.csproj", "{9DC5B10C-4814-4F56-94AF-6B0722069F4A}"
EndProject
Project("{FAE04EC0-301F-11D3-BF4B-00C04F79EFBC}") = "sys.Application.Web", "Aplication\sys.Aplication.Web\sys.Application.Web.csproj", "{83A2A483-8EE8-4F94-BC2C-A1B6A083D8B3}"
EndProject
Project("{FAE04EC0-301F-11D3-BF4B-00C04F79EFBC}") = "sys.Application.app", "WebApp\sys.Application.app\sys.Application.app.csproj", "{495E6E92-7294-4BDD-931D-97392812BFEB}"
EndProject
Project("{FAE04EC0-301F-11D3-BF4B-00C04F79EFBC}") = "sys.Application.Api", "Api\sys.Application.Api\sys.Application.Api.csproj", "{D778C77B-BE8D-4E3C-8664-9ABCEC6F2FAE}"
EndProject
Project("{FAE04EC0-301F-11D3-BF4B-00C04F79EFBC}") = "sys.Util.WeChatSDK", "Util\sys.Util.WeChatSDK\sys.Util.WeChatSDK.csproj", "{77036C84-7441-4549-B1A6-75FDAF934FD2}"
EndProject
Global
	GlobalSection(SolutionConfigurationPlatforms) = preSolution
		Debug|Any CPU = Debug|Any CPU
		Release|Any CPU = Release|Any CPU
	EndGlobalSection
	GlobalSection(ProjectConfigurationPlatforms) = postSolution
		{88A8E21F-61AF-45EF-996D-0A20F1642652}.Debug|Any CPU.ActiveCfg = Debug|Any CPU
		{88A8E21F-61AF-45EF-996D-0A20F1642652}.Debug|Any CPU.Build.0 = Debug|Any CPU
		{88A8E21F-61AF-45EF-996D-0A20F1642652}.Release|Any CPU.ActiveCfg = Release|Any CPU
		{88A8E21F-61AF-45EF-996D-0A20F1642652}.Release|Any CPU.Build.0 = Release|Any CPU
		{933E64F9-CCA2-4AD5-A7B8-BB55C0C573D6}.Debug|Any CPU.ActiveCfg = Debug|Any CPU
		{933E64F9-CCA2-4AD5-A7B8-BB55C0C573D6}.Debug|Any CPU.Build.0 = Debug|Any CPU
		{933E64F9-CCA2-4AD5-A7B8-BB55C0C573D6}.Release|Any CPU.ActiveCfg = Release|Any CPU
		{933E64F9-CCA2-4AD5-A7B8-BB55C0C573D6}.Release|Any CPU.Build.0 = Release|Any CPU
		{12641608-CD9D-4CF2-BE90-2FEADD1B9333}.Debug|Any CPU.ActiveCfg = Debug|Any CPU
		{12641608-CD9D-4CF2-BE90-2FEADD1B9333}.Debug|Any CPU.Build.0 = Debug|Any CPU
		{12641608-CD9D-4CF2-BE90-2FEADD1B9333}.Release|Any CPU.ActiveCfg = Release|Any CPU
		{12641608-CD9D-4CF2-BE90-2FEADD1B9333}.Release|Any CPU.Build.0 = Release|Any CPU
		{F35195FB-0615-4FFB-B48C-148C8F6FF394}.Debug|Any CPU.ActiveCfg = Debug|Any CPU
		{F35195FB-0615-4FFB-B48C-148C8F6FF394}.Debug|Any CPU.Build.0 = Debug|Any CPU
		{F35195FB-0615-4FFB-B48C-148C8F6FF394}.Release|Any CPU.ActiveCfg = Release|Any CPU
		{F35195FB-0615-4FFB-B48C-148C8F6FF394}.Release|Any CPU.Build.0 = Release|Any CPU
		{23934C70-23C4-42BF-9CA9-1DEA3BFFC3B6}.Debug|Any CPU.ActiveCfg = Debug|Any CPU
		{23934C70-23C4-42BF-9CA9-1DEA3BFFC3B6}.Debug|Any CPU.Build.0 = Debug|Any CPU
		{23934C70-23C4-42BF-9CA9-1DEA3BFFC3B6}.Release|Any CPU.ActiveCfg = Release|Any CPU
		{23934C70-23C4-42BF-9CA9-1DEA3BFFC3B6}.Release|Any CPU.Build.0 = Release|Any CPU
		{E5409C7A-CE48-4A63-8068-90C479A98657}.Debug|Any CPU.ActiveCfg = Debug|Any CPU
		{E5409C7A-CE48-4A63-8068-90C479A98657}.Debug|Any CPU.Build.0 = Debug|Any CPU
		{E5409C7A-CE48-4A63-8068-90C479A98657}.Release|Any CPU.ActiveCfg = Release|Any CPU
		{E5409C7A-CE48-4A63-8068-90C479A98657}.Release|Any CPU.Build.0 = Release|Any CPU
		{3EE6629F-1D05-4472-A810-A9DFCDBFD0F5}.Debug|Any CPU.ActiveCfg = Debug|Any CPU
		{3EE6629F-1D05-4472-A810-A9DFCDBFD0F5}.Debug|Any CPU.Build.0 = Debug|Any CPU
		{3EE6629F-1D05-4472-A810-A9DFCDBFD0F5}.Release|Any CPU.ActiveCfg = Release|Any CPU
		{3EE6629F-1D05-4472-A810-A9DFCDBFD0F5}.Release|Any CPU.Build.0 = Release|Any CPU
		{E3A055F6-0708-4A1B-87A4-597070D7725C}.Debug|Any CPU.ActiveCfg = Debug|Any CPU
		{E3A055F6-0708-4A1B-87A4-597070D7725C}.Debug|Any CPU.Build.0 = Debug|Any CPU
		{E3A055F6-0708-4A1B-87A4-597070D7725C}.Release|Any CPU.ActiveCfg = Release|Any CPU
		{E3A055F6-0708-4A1B-87A4-597070D7725C}.Release|Any CPU.Build.0 = Release|Any CPU
		{B0CB1979-75C1-41B2-BAD1-A342B997B02D}.Debug|Any CPU.ActiveCfg = Debug|Any CPU
		{B0CB1979-75C1-41B2-BAD1-A342B997B02D}.Debug|Any CPU.Build.0 = Debug|Any CPU
		{B0CB1979-75C1-41B2-BAD1-A342B997B02D}.Release|Any CPU.ActiveCfg = Release|Any CPU
		{B0CB1979-75C1-41B2-BAD1-A342B997B02D}.Release|Any CPU.Build.0 = Release|Any CPU
		{006FAC2D-A3D6-41C8-B156-E4852F25D8ED}.Debug|Any CPU.ActiveCfg = Debug|Any CPU
		{006FAC2D-A3D6-41C8-B156-E4852F25D8ED}.Debug|Any CPU.Build.0 = Debug|Any CPU
		{006FAC2D-A3D6-41C8-B156-E4852F25D8ED}.Release|Any CPU.ActiveCfg = Release|Any CPU
		{006FAC2D-A3D6-41C8-B156-E4852F25D8ED}.Release|Any CPU.Build.0 = Release|Any CPU
		{28B1F04E-7D2E-4FFA-ABAB-4AE63D8DBE0E}.Debug|Any CPU.ActiveCfg = Debug|Any CPU
		{28B1F04E-7D2E-4FFA-ABAB-4AE63D8DBE0E}.Debug|Any CPU.Build.0 = Debug|Any CPU
		{28B1F04E-7D2E-4FFA-ABAB-4AE63D8DBE0E}.Release|Any CPU.ActiveCfg = Release|Any CPU
		{28B1F04E-7D2E-4FFA-ABAB-4AE63D8DBE0E}.Release|Any CPU.Build.0 = Release|Any CPU
		{C38C5684-2130-473C-BC15-8C490EE945A5}.Debug|Any CPU.ActiveCfg = Debug|Any CPU
		{C38C5684-2130-473C-BC15-8C490EE945A5}.Debug|Any CPU.Build.0 = Debug|Any CPU
		{C38C5684-2130-473C-BC15-8C490EE945A5}.Release|Any CPU.ActiveCfg = Release|Any CPU
		{C38C5684-2130-473C-BC15-8C490EE945A5}.Release|Any CPU.Build.0 = Release|Any CPU
		{B89DF599-C050-4FE9-8257-8E19AD43C13C}.Debug|Any CPU.ActiveCfg = Debug|Any CPU
		{B89DF599-C050-4FE9-8257-8E19AD43C13C}.Debug|Any CPU.Build.0 = Debug|Any CPU
		{B89DF599-C050-4FE9-8257-8E19AD43C13C}.Release|Any CPU.ActiveCfg = Release|Any CPU
		{B89DF599-C050-4FE9-8257-8E19AD43C13C}.Release|Any CPU.Build.0 = Release|Any CPU
		{1AFCD932-D071-44F1-9863-45A8A098AA64}.Debug|Any CPU.ActiveCfg = Debug|Any CPU
		{1AFCD932-D071-44F1-9863-45A8A098AA64}.Debug|Any CPU.Build.0 = Debug|Any CPU
		{1AFCD932-D071-44F1-9863-45A8A098AA64}.Release|Any CPU.ActiveCfg = Release|Any CPU
		{1AFCD932-D071-44F1-9863-45A8A098AA64}.Release|Any CPU.Build.0 = Release|Any CPU
		{1C184C75-233A-4178-9225-48EE0EE2AD7F}.Debug|Any CPU.ActiveCfg = Debug|Any CPU
		{1C184C75-233A-4178-9225-48EE0EE2AD7F}.Debug|Any CPU.Build.0 = Debug|Any CPU
		{1C184C75-233A-4178-9225-48EE0EE2AD7F}.Release|Any CPU.ActiveCfg = Release|Any CPU
		{1C184C75-233A-4178-9225-48EE0EE2AD7F}.Release|Any CPU.Build.0 = Release|Any CPU
		{9522B26D-AAE2-4665-A8D9-A7AC67280D3C}.Debug|Any CPU.ActiveCfg = Debug|Any CPU
		{9522B26D-AAE2-4665-A8D9-A7AC67280D3C}.Debug|Any CPU.Build.0 = Debug|Any CPU
		{9522B26D-AAE2-4665-A8D9-A7AC67280D3C}.Release|Any CPU.ActiveCfg = Release|Any CPU
		{9522B26D-AAE2-4665-A8D9-A7AC67280D3C}.Release|Any CPU.Build.0 = Release|Any CPU
		{389B3F24-AB05-483E-B98E-8785306C8631}.Debug|Any CPU.ActiveCfg = Debug|Any CPU
		{389B3F24-AB05-483E-B98E-8785306C8631}.Debug|Any CPU.Build.0 = Debug|Any CPU
		{389B3F24-AB05-483E-B98E-8785306C8631}.Release|Any CPU.ActiveCfg = Release|Any CPU
		{389B3F24-AB05-483E-B98E-8785306C8631}.Release|Any CPU.Build.0 = Release|Any CPU
		{6587C84C-AFD6-4649-B85B-46722AA28B67}.Debug|Any CPU.ActiveCfg = Debug|Any CPU
		{6587C84C-AFD6-4649-B85B-46722AA28B67}.Debug|Any CPU.Build.0 = Debug|Any CPU
		{6587C84C-AFD6-4649-B85B-46722AA28B67}.Release|Any CPU.ActiveCfg = Release|Any CPU
		{6587C84C-AFD6-4649-B85B-46722AA28B67}.Release|Any CPU.Build.0 = Release|Any CPU
		{EAF3C7CB-D115-439B-8513-CB298E8E55C9}.Debug|Any CPU.ActiveCfg = Debug|Any CPU
		{EAF3C7CB-D115-439B-8513-CB298E8E55C9}.Debug|Any CPU.Build.0 = Debug|Any CPU
		{EAF3C7CB-D115-439B-8513-CB298E8E55C9}.Release|Any CPU.ActiveCfg = Release|Any CPU
		{EAF3C7CB-D115-439B-8513-CB298E8E55C9}.Release|Any CPU.Build.0 = Release|Any CPU
		{C3C549E0-D5CF-4482-B883-1042C0643A29}.Debug|Any CPU.ActiveCfg = Debug|Any CPU
		{C3C549E0-D5CF-4482-B883-1042C0643A29}.Debug|Any CPU.Build.0 = Debug|Any CPU
		{C3C549E0-D5CF-4482-B883-1042C0643A29}.Release|Any CPU.ActiveCfg = Release|Any CPU
		{C3C549E0-D5CF-4482-B883-1042C0643A29}.Release|Any CPU.Build.0 = Release|Any CPU
		{7400EFB0-A117-49CF-A1DF-E9543ED78EE9}.Debug|Any CPU.ActiveCfg = Debug|Any CPU
		{7400EFB0-A117-49CF-A1DF-E9543ED78EE9}.Debug|Any CPU.Build.0 = Debug|Any CPU
		{7400EFB0-A117-49CF-A1DF-E9543ED78EE9}.Release|Any CPU.ActiveCfg = Release|Any CPU
		{7400EFB0-A117-49CF-A1DF-E9543ED78EE9}.Release|Any CPU.Build.0 = Release|Any CPU
		{9B68B728-B7DE-4A60-9783-878A6B611CB0}.Debug|Any CPU.ActiveCfg = Debug|Any CPU
		{9B68B728-B7DE-4A60-9783-878A6B611CB0}.Debug|Any CPU.Build.0 = Debug|Any CPU
		{9B68B728-B7DE-4A60-9783-878A6B611CB0}.Release|Any CPU.ActiveCfg = Release|Any CPU
		{9B68B728-B7DE-4A60-9783-878A6B611CB0}.Release|Any CPU.Build.0 = Release|Any CPU
		{9DC5B10C-4814-4F56-94AF-6B0722069F4A}.Debug|Any CPU.ActiveCfg = Debug|Any CPU
		{9DC5B10C-4814-4F56-94AF-6B0722069F4A}.Debug|Any CPU.Build.0 = Debug|Any CPU
		{9DC5B10C-4814-4F56-94AF-6B0722069F4A}.Release|Any CPU.ActiveCfg = Release|Any CPU
		{9DC5B10C-4814-4F56-94AF-6B0722069F4A}.Release|Any CPU.Build.0 = Release|Any CPU
		{83A2A483-8EE8-4F94-BC2C-A1B6A083D8B3}.Debug|Any CPU.ActiveCfg = Debug|Any CPU
		{83A2A483-8EE8-4F94-BC2C-A1B6A083D8B3}.Debug|Any CPU.Build.0 = Debug|Any CPU
		{83A2A483-8EE8-4F94-BC2C-A1B6A083D8B3}.Release|Any CPU.ActiveCfg = Release|Any CPU
		{83A2A483-8EE8-4F94-BC2C-A1B6A083D8B3}.Release|Any CPU.Build.0 = Release|Any CPU
		{495E6E92-7294-4BDD-931D-97392812BFEB}.Debug|Any CPU.ActiveCfg = Debug|Any CPU
		{495E6E92-7294-4BDD-931D-97392812BFEB}.Debug|Any CPU.Build.0 = Debug|Any CPU
		{495E6E92-7294-4BDD-931D-97392812BFEB}.Release|Any CPU.ActiveCfg = Release|Any CPU
		{495E6E92-7294-4BDD-931D-97392812BFEB}.Release|Any CPU.Build.0 = Release|Any CPU
		{D778C77B-BE8D-4E3C-8664-9ABCEC6F2FAE}.Debug|Any CPU.ActiveCfg = Debug|Any CPU
		{D778C77B-BE8D-4E3C-8664-9ABCEC6F2FAE}.Debug|Any CPU.Build.0 = Debug|Any CPU
		{D778C77B-BE8D-4E3C-8664-9ABCEC6F2FAE}.Release|Any CPU.ActiveCfg = Release|Any CPU
		{D778C77B-BE8D-4E3C-8664-9ABCEC6F2FAE}.Release|Any CPU.Build.0 = Release|Any CPU
		{77036C84-7441-4549-B1A6-75FDAF934FD2}.Debug|Any CPU.ActiveCfg = Debug|Any CPU
		{77036C84-7441-4549-B1A6-75FDAF934FD2}.Debug|Any CPU.Build.0 = Debug|Any CPU
		{77036C84-7441-4549-B1A6-75FDAF934FD2}.Release|Any CPU.ActiveCfg = Release|Any CPU
		{77036C84-7441-4549-B1A6-75FDAF934FD2}.Release|Any CPU.Build.0 = Release|Any CPU
	EndGlobalSection
	GlobalSection(SolutionProperties) = preSolution
		HideSolutionNode = FALSE
	EndGlobalSection
	GlobalSection(NestedProjects) = preSolution
		{292ECCB8-C406-4648-A1B7-00A1AF42CF23} = {8514C30B-099C-4D15-885C-E89F90F46E1F}
		{88A8E21F-61AF-45EF-996D-0A20F1642652} = {292ECCB8-C406-4648-A1B7-00A1AF42CF23}
		{933E64F9-CCA2-4AD5-A7B8-BB55C0C573D6} = {292ECCB8-C406-4648-A1B7-00A1AF42CF23}
		{12641608-CD9D-4CF2-BE90-2FEADD1B9333} = {292ECCB8-C406-4648-A1B7-00A1AF42CF23}
		{836368A7-1D59-4726-87E0-911342B27EE0} = {8514C30B-099C-4D15-885C-E89F90F46E1F}
		{4B0AA194-5A65-4F19-820D-705C9979090D} = {8514C30B-099C-4D15-885C-E89F90F46E1F}
		{F35195FB-0615-4FFB-B48C-148C8F6FF394} = {836368A7-1D59-4726-87E0-911342B27EE0}
		{23934C70-23C4-42BF-9CA9-1DEA3BFFC3B6} = {836368A7-1D59-4726-87E0-911342B27EE0}
		{E5409C7A-CE48-4A63-8068-90C479A98657} = {836368A7-1D59-4726-87E0-911342B27EE0}
		{3EE6629F-1D05-4472-A810-A9DFCDBFD0F5} = {836368A7-1D59-4726-87E0-911342B27EE0}
		{E3A055F6-0708-4A1B-87A4-597070D7725C} = {4B0AA194-5A65-4F19-820D-705C9979090D}
		{B0CB1979-75C1-41B2-BAD1-A342B997B02D} = {66CB8E20-C777-4055-8F67-9A74AF189238}
		{006FAC2D-A3D6-41C8-B156-E4852F25D8ED} = {66CB8E20-C777-4055-8F67-9A74AF189238}
		{28B1F04E-7D2E-4FFA-ABAB-4AE63D8DBE0E} = {66CB8E20-C777-4055-8F67-9A74AF189238}
		{C38C5684-2130-473C-BC15-8C490EE945A5} = {66CB8E20-C777-4055-8F67-9A74AF189238}
		{B89DF599-C050-4FE9-8257-8E19AD43C13C} = {836368A7-1D59-4726-87E0-911342B27EE0}
		{1AFCD932-D071-44F1-9863-45A8A098AA64} = {836368A7-1D59-4726-87E0-911342B27EE0}
		{1C184C75-233A-4178-9225-48EE0EE2AD7F} = {836368A7-1D59-4726-87E0-911342B27EE0}
		{9522B26D-AAE2-4665-A8D9-A7AC67280D3C} = {836368A7-1D59-4726-87E0-911342B27EE0}
		{EF3F81A9-D317-4EA5-A7FA-5301B023290F} = {AAA56B42-BA06-420A-B8EB-34814A6D0475}
		{65B38A0A-C264-4B28-9517-690E0D87E73A} = {AAA56B42-BA06-420A-B8EB-34814A6D0475}
		{389B3F24-AB05-483E-B98E-8785306C8631} = {AAA56B42-BA06-420A-B8EB-34814A6D0475}
		{6587C84C-AFD6-4649-B85B-46722AA28B67} = {65B38A0A-C264-4B28-9517-690E0D87E73A}
		{EAF3C7CB-D115-439B-8513-CB298E8E55C9} = {EF3F81A9-D317-4EA5-A7FA-5301B023290F}
		{C3C549E0-D5CF-4482-B883-1042C0643A29} = {EF3F81A9-D317-4EA5-A7FA-5301B023290F}
		{7400EFB0-A117-49CF-A1DF-E9543ED78EE9} = {AAA56B42-BA06-420A-B8EB-34814A6D0475}
		{9B68B728-B7DE-4A60-9783-878A6B611CB0} = {AAA56B42-BA06-420A-B8EB-34814A6D0475}
		{9DC5B10C-4814-4F56-94AF-6B0722069F4A} = {E69B111B-BBA9-41AC-8069-BB3BD7C29DFF}
		{83A2A483-8EE8-4F94-BC2C-A1B6A083D8B3} = {E69B111B-BBA9-41AC-8069-BB3BD7C29DFF}
		{495E6E92-7294-4BDD-931D-97392812BFEB} = {DEB053F3-B8F1-4A89-A3F3-AD6F403EFDA0}
		{D778C77B-BE8D-4E3C-8664-9ABCEC6F2FAE} = {DEB053F3-B8F1-4A89-A3F3-AD6F403EFDA0}
		{77036C84-7441-4549-B1A6-75FDAF934FD2} = {836368A7-1D59-4726-87E0-911342B27EE0}
	EndGlobalSection
	GlobalSection(ExtensibilityGlobals) = postSolution
		SolutionGuid = {6D2D97A4-42C2-4563-9048-188D9D31FFF3}
	EndGlobalSection
EndGlobal
